
Microsoft Visual Studio Solution File, Format Version 12.00
# Visual Studio Version 17
VisualStudioVersion = 17.2.32630.192
MinimumVisualStudioVersion = 10.0.40219.1
Project("{9A19103F-16F7-4668-BE54-9A1E7A4F7556}") = "ScratchDL", "Scratch Downloader\ScratchDL.csproj", "{831B738F-304C-4D12-AB5E-FBDAC6D00466}"
EndProject
Project("{FAE04EC0-301F-11D3-BF4B-00C04F79EFBC}") = "ScratchAPI.NET", "ScratchAPI.NET\ScratchAPI.NET.csproj", "{C3119048-DE4D-4883-BBB5-51AE3C9508C8}"
EndProject
Global
	GlobalSection(SolutionConfigurationPlatforms) = preSolution
		Debug|Any CPU = Debug|Any CPU
		Release|Any CPU = Release|Any CPU
	EndGlobalSection
	GlobalSection(ProjectConfigurationPlatforms) = postSolution
		{831B738F-304C-4D12-AB5E-FBDAC6D00466}.Debug|Any CPU.ActiveCfg = Debug|Any CPU
		{831B738F-304C-4D12-AB5E-FBDAC6D00466}.Debug|Any CPU.Build.0 = Debug|Any CPU
		{831B738F-304C-4D12-AB5E-FBDAC6D00466}.Release|Any CPU.ActiveCfg = Release|Any CPU
		{831B738F-304C-4D12-AB5E-FBDAC6D00466}.Release|Any CPU.Build.0 = Release|Any CPU
		{C3119048-DE4D-4883-BBB5-51AE3C9508C8}.Debug|Any CPU.ActiveCfg = Debug|Any CPU
		{C3119048-DE4D-4883-BBB5-51AE3C9508C8}.Debug|Any CPU.Build.0 = Debug|Any CPU
		{C3119048-DE4D-4883-BBB5-51AE3C9508C8}.Release|Any CPU.ActiveCfg = Release|Any CPU
		{C3119048-DE4D-4883-BBB5-51AE3C9508C8}.Release|Any CPU.Build.0 = Release|Any CPU
	EndGlobalSection
	GlobalSection(SolutionProperties) = preSolution
		HideSolutionNode = FALSE
	EndGlobalSection
	GlobalSection(ExtensibilityGlobals) = postSolution
		SolutionGuid = {2AF520D9-1E5A-4825-8522-5338B9D59C73}
	EndGlobalSection
EndGlobal
